// !$*UTF8*$!
{
	archiveVersion = 1;
	classes = {
	};
	objectVersion = 77;
	objects = {

/* Begin PBXContainerItemProxy section */
		DE1652262CAFF29A00843455 /* PBXContainerItemProxy */ = {
			isa = PBXContainerItemProxy;
			containerPortal = DE1652072CAFF29700843455 /* Project object */;
			proxyType = 1;
			remoteGlobalIDString = DE16520E2CAFF29700843455;
			remoteInfo = 4th_hw_ChoiJunYoung;
		};
		DE1652302CAFF29B00843455 /* PBXContainerItemProxy */ = {
			isa = PBXContainerItemProxy;
			containerPortal = DE1652072CAFF29700843455 /* Project object */;
			proxyType = 1;
			remoteGlobalIDString = DE16520E2CAFF29700843455;
			remoteInfo = 4th_hw_ChoiJunYoung;
		};
/* End PBXContainerItemProxy section */

/* Begin PBXFileReference section */
		DE16520F2CAFF29700843455 /* 4th_hw_ChoiJunYoung.app */ = {isa = PBXFileReference; explicitFileType = wrapper.application; includeInIndex = 0; path = 4th_hw_ChoiJunYoung.app; sourceTree = BUILT_PRODUCTS_DIR; };
		DE1652252CAFF29A00843455 /* 4th_hw_ChoiJunYoungTests.xctest */ = {isa = PBXFileReference; explicitFileType = wrapper.cfbundle; includeInIndex = 0; path = 4th_hw_ChoiJunYoungTests.xctest; sourceTree = BUILT_PRODUCTS_DIR; };
		DE16522F2CAFF29B00843455 /* 4th_hw_ChoiJunYoungUITests.xctest */ = {isa = PBXFileReference; explicitFileType = wrapper.cfbundle; includeInIndex = 0; path = 4th_hw_ChoiJunYoungUITests.xctest; sourceTree = BUILT_PRODUCTS_DIR; };
/* End PBXFileReference section */

/* Begin PBXFileSystemSynchronizedBuildFileExceptionSet section */
		DE1652372CAFF29B00843455 /* Exceptions for "4th_hw_ChoiJunYoung" folder in "4th_hw_ChoiJunYoung" target */ = {
			isa = PBXFileSystemSynchronizedBuildFileExceptionSet;
			membershipExceptions = (
				Info.plist,
			);
			target = DE16520E2CAFF29700843455 /* 4th_hw_ChoiJunYoung */;
		};
/* End PBXFileSystemSynchronizedBuildFileExceptionSet section */

/* Begin PBXFileSystemSynchronizedRootGroup section */
		DE1652112CAFF29700843455 /* 4th_hw_ChoiJunYoung */ = {
			isa = PBXFileSystemSynchronizedRootGroup;
			exceptions = (
				DE1652372CAFF29B00843455 /* Exceptions for "4th_hw_ChoiJunYoung" folder in "4th_hw_ChoiJunYoung" target */,
			);
			path = 4th_hw_ChoiJunYoung;
			sourceTree = "<group>";
		};
		DE1652282CAFF29A00843455 /* 4th_hw_ChoiJunYoungTests */ = {
			isa = PBXFileSystemSynchronizedRootGroup;
			path = 4th_hw_ChoiJunYoungTests;
			sourceTree = "<group>";
		};
		DE1652322CAFF29B00843455 /* 4th_hw_ChoiJunYoungUITests */ = {
			isa = PBXFileSystemSynchronizedRootGroup;
			path = 4th_hw_ChoiJunYoungUITests;
			sourceTree = "<group>";
		};
/* End PBXFileSystemSynchronizedRootGroup section */

/* Begin PBXFrameworksBuildPhase section */
		DE16520C2CAFF29700843455 /* Frameworks */ = {
			isa = PBXFrameworksBuildPhase;
			buildActionMask = 2147483647;
			files = (
			);
			runOnlyForDeploymentPostprocessing = 0;
		};
		DE1652222CAFF29A00843455 /* Frameworks */ = {
			isa = PBXFrameworksBuildPhase;
			buildActionMask = 2147483647;
			files = (
			);
			runOnlyForDeploymentPostprocessing = 0;
		};
		DE16522C2CAFF29B00843455 /* Frameworks */ = {
			isa = PBXFrameworksBuildPhase;
			buildActionMask = 2147483647;
			files = (
			);
			runOnlyForDeploymentPostprocessing = 0;
		};
/* End PBXFrameworksBuildPhase section */

/* Begin PBXGroup section */
		DE1652062CAFF29700843455 = {
			isa = PBXGroup;
			children = (
				DE1652112CAFF29700843455 /* 4th_hw_ChoiJunYoung */,
				DE1652282CAFF29A00843455 /* 4th_hw_ChoiJunYoungTests */,
				DE1652322CAFF29B00843455 /* 4th_hw_ChoiJunYoungUITests */,
				DE1652102CAFF29700843455 /* Products */,
			);
			sourceTree = "<group>";
		};
		DE1652102CAFF29700843455 /* Products */ = {
			isa = PBXGroup;
			children = (
				DE16520F2CAFF29700843455 /* 4th_hw_ChoiJunYoung.app */,
				DE1652252CAFF29A00843455 /* 4th_hw_ChoiJunYoungTests.xctest */,
				DE16522F2CAFF29B00843455 /* 4th_hw_ChoiJunYoungUITests.xctest */,
			);
			name = Products;
			sourceTree = "<group>";
		};
/* End PBXGroup section */

/* Begin PBXNativeTarget section */
		DE16520E2CAFF29700843455 /* 4th_hw_ChoiJunYoung */ = {
			isa = PBXNativeTarget;
			buildConfigurationList = DE1652382CAFF29B00843455 /* Build configuration list for PBXNativeTarget "4th_hw_ChoiJunYoung" */;
			buildPhases = (
				DE16520B2CAFF29700843455 /* Sources */,
				DE16520C2CAFF29700843455 /* Frameworks */,
				DE16520D2CAFF29700843455 /* Resources */,
			);
			buildRules = (
			);
			dependencies = (
			);
			fileSystemSynchronizedGroups = (
				DE1652112CAFF29700843455 /* 4th_hw_ChoiJunYoung */,
			);
			name = 4th_hw_ChoiJunYoung;
			packageProductDependencies = (
			);
			productName = 4th_hw_ChoiJunYoung;
			productReference = DE16520F2CAFF29700843455 /* 4th_hw_ChoiJunYoung.app */;
			productType = "com.apple.product-type.application";
		};
		DE1652242CAFF29A00843455 /* 4th_hw_ChoiJunYoungTests */ = {
			isa = PBXNativeTarget;
			buildConfigurationList = DE16523D2CAFF29B00843455 /* Build configuration list for PBXNativeTarget "4th_hw_ChoiJunYoungTests" */;
			buildPhases = (
				DE1652212CAFF29A00843455 /* Sources */,
				DE1652222CAFF29A00843455 /* Frameworks */,
				DE1652232CAFF29A00843455 /* Resources */,
			);
			buildRules = (
			);
			dependencies = (
				DE1652272CAFF29A00843455 /* PBXTargetDependency */,
			);
			fileSystemSynchronizedGroups = (
				DE1652282CAFF29A00843455 /* 4th_hw_ChoiJunYoungTests */,
			);
			name = 4th_hw_ChoiJunYoungTests;
			packageProductDependencies = (
			);
			productName = 4th_hw_ChoiJunYoungTests;
			productReference = DE1652252CAFF29A00843455 /* 4th_hw_ChoiJunYoungTests.xctest */;
			productType = "com.apple.product-type.bundle.unit-test";
		};
		DE16522E2CAFF29B00843455 /* 4th_hw_ChoiJunYoungUITests */ = {
			isa = PBXNativeTarget;
			buildConfigurationList = DE1652402CAFF29B00843455 /* Build configuration list for PBXNativeTarget "4th_hw_ChoiJunYoungUITests" */;
			buildPhases = (
				DE16522B2CAFF29B00843455 /* Sources */,
				DE16522C2CAFF29B00843455 /* Frameworks */,
				DE16522D2CAFF29B00843455 /* Resources */,
			);
			buildRules = (
			);
			dependencies = (
				DE1652312CAFF29B00843455 /* PBXTargetDependency */,
			);
			fileSystemSynchronizedGroups = (
				DE1652322CAFF29B00843455 /* 4th_hw_ChoiJunYoungUITests */,
			);
			name = 4th_hw_ChoiJunYoungUITests;
			packageProductDependencies = (
			);
			productName = 4th_hw_ChoiJunYoungUITests;
			productReference = DE16522F2CAFF29B00843455 /* 4th_hw_ChoiJunYoungUITests.xctest */;
			productType = "com.apple.product-type.bundle.ui-testing";
		};
/* End PBXNativeTarget section */

/* Begin PBXProject section */
		DE1652072CAFF29700843455 /* Project object */ = {
			isa = PBXProject;
			attributes = {
				BuildIndependentTargetsInParallel = 1;
				LastSwiftUpdateCheck = 1600;
				LastUpgradeCheck = 1600;
				TargetAttributes = {
					DE16520E2CAFF29700843455 = {
						CreatedOnToolsVersion = 16.0;
					};
					DE1652242CAFF29A00843455 = {
						CreatedOnToolsVersion = 16.0;
						TestTargetID = DE16520E2CAFF29700843455;
					};
					DE16522E2CAFF29B00843455 = {
						CreatedOnToolsVersion = 16.0;
						TestTargetID = DE16520E2CAFF29700843455;
					};
				};
			};
			buildConfigurationList = DE16520A2CAFF29700843455 /* Build configuration list for PBXProject "4th_hw_ChoiJunYoung" */;
			developmentRegion = en;
			hasScannedForEncodings = 0;
			knownRegions = (
				en,
				Base,
			);
			mainGroup = DE1652062CAFF29700843455;
			minimizedProjectReferenceProxies = 1;
			preferredProjectObjectVersion = 77;
			productRefGroup = DE1652102CAFF29700843455 /* Products */;
			projectDirPath = "";
			projectRoot = "";
			targets = (
				DE16520E2CAFF29700843455 /* 4th_hw_ChoiJunYoung */,
				DE1652242CAFF29A00843455 /* 4th_hw_ChoiJunYoungTests */,
				DE16522E2CAFF29B00843455 /* 4th_hw_ChoiJunYoungUITests */,
			);
		};
/* End PBXProject section */

/* Begin PBXResourcesBuildPhase section */
		DE16520D2CAFF29700843455 /* Resources */ = {
			isa = PBXResourcesBuildPhase;
			buildActionMask = 2147483647;
			files = (
			);
			runOnlyForDeploymentPostprocessing = 0;
		};
		DE1652232CAFF29A00843455 /* Resources */ = {
			isa = PBXResourcesBuildPhase;
			buildActionMask = 2147483647;
			files = (
			);
			runOnlyForDeploymentPostprocessing = 0;
		};
		DE16522D2CAFF29B00843455 /* Resources */ = {
			isa = PBXResourcesBuildPhase;
			buildActionMask = 2147483647;
			files = (
			);
			runOnlyForDeploymentPostprocessing = 0;
		};
/* End PBXResourcesBuildPhase section */

/* Begin PBXSourcesBuildPhase section */
		DE16520B2CAFF29700843455 /* Sources */ = {
			isa = PBXSourcesBuildPhase;
			buildActionMask = 2147483647;
			files = (
			);
			runOnlyForDeploymentPostprocessing = 0;
		};
		DE1652212CAFF29A00843455 /* Sources */ = {
			isa = PBXSourcesBuildPhase;
			buildActionMask = 2147483647;
			files = (
			);
			runOnlyForDeploymentPostprocessing = 0;
		};
		DE16522B2CAFF29B00843455 /* Sources */ = {
			isa = PBXSourcesBuildPhase;
			buildActionMask = 2147483647;
			files = (
			);
			runOnlyForDeploymentPostprocessing = 0;
		};
/* End PBXSourcesBuildPhase section */

/* Begin PBXTargetDependency section */
		DE1652272CAFF29A00843455 /* PBXTargetDependency */ = {
			isa = PBXTargetDependency;
			target = DE16520E2CAFF29700843455 /* 4th_hw_ChoiJunYoung */;
			targetProxy = DE1652262CAFF29A00843455 /* PBXContainerItemProxy */;
		};
		DE1652312CAFF29B00843455 /* PBXTargetDependency */ = {
			isa = PBXTargetDependency;
			target = DE16520E2CAFF29700843455 /* 4th_hw_ChoiJunYoung */;
			targetProxy = DE1652302CAFF29B00843455 /* PBXContainerItemProxy */;
		};
/* End PBXTargetDependency section */

/* Begin XCBuildConfiguration section */
		DE1652392CAFF29B00843455 /* Debug */ = {
			isa = XCBuildConfiguration;
			buildSettings = {
				ASSETCATALOG_COMPILER_APPICON_NAME = AppIcon;
				ASSETCATALOG_COMPILER_GLOBAL_ACCENT_COLOR_NAME = AccentColor;
				CODE_SIGN_STYLE = Automatic;
				CURRENT_PROJECT_VERSION = 1;
				DEVELOPMENT_TEAM = XVG4859FZG;
				GENERATE_INFOPLIST_FILE = YES;
				INFOPLIST_FILE = 4th_hw_ChoiJunYoung/Info.plist;
				INFOPLIST_KEY_UIApplicationSupportsIndirectInputEvents = YES;
				INFOPLIST_KEY_UILaunchStoryboardName = LaunchScreen;
				INFOPLIST_KEY_UIMainStoryboardFile = Main;
				INFOPLIST_KEY_UISupportedInterfaceOrientations_iPad = "UIInterfaceOrientationPortrait UIInterfaceOrientationPortraitUpsideDown UIInterfaceOrientationLandscapeLeft UIInterfaceOrientationLandscapeRight";
				INFOPLIST_KEY_UISupportedInterfaceOrientations_iPhone = "UIInterfaceOrientationPortrait UIInterfaceOrientationLandscapeLeft UIInterfaceOrientationLandscapeRight";
				LD_RUNPATH_SEARCH_PATHS = (
					"$(inherited)",
					"@executable_path/Frameworks",
				);
				MARKETING_VERSION = 1.0;
				PRODUCT_BUNDLE_IDENTIFIER = "com.personal.-th-hw-ChoiJunYoung";
				PRODUCT_NAME = "$(TARGET_NAME)";
				SWIFT_EMIT_LOC_STRINGS = YES;
				SWIFT_VERSION = 5.0;
				TARGETED_DEVICE_FAMILY = "1,2";
			};
			name = Debug;
		};
		DE16523A2CAFF29B00843455 /* Release */ = {
			isa = XCBuildConfiguration;
			buildSettings = {
				ASSETCATALOG_COMPILER_APPICON_NAME = AppIcon;
				ASSETCATALOG_COMPILER_GLOBAL_ACCENT_COLOR_NAME = AccentColor;
				CODE_SIGN_STYLE = Automatic;
				CURRENT_PROJECT_VERSION = 1;
				DEVELOPMENT_TEAM = XVG4859FZG;
				GENERATE_INFOPLIST_FILE = YES;
				INFOPLIST_FILE = 4th_hw_ChoiJunYoung/Info.plist;
				INFOPLIST_KEY_UIApplicationSupportsIndirectInputEvents = YES;
				INFOPLIST_KEY_UILaunchStoryboardName = LaunchScreen;
				INFOPLIST_KEY_UIMainStoryboardFile = Main;
				INFOPLIST_KEY_UISupportedInterfaceOrientations_iPad = "UIInterfaceOrientationPortrait UIInterfaceOrientationPortraitUpsideDown UIInterfaceOrientationLandscapeLeft UIInterfaceOrientationLandscapeRight";
				INFOPLIST_KEY_UISupportedInterfaceOrientations_iPhone = "UIInterfaceOrientationPortrait UIInterfaceOrientationLandscapeLeft UIInterfaceOrientationLandscapeRight";
				LD_RUNPATH_SEARCH_PATHS = (
					"$(inherited)",
					"@executable_path/Frameworks",
				);
				MARKETING_VERSION = 1.0;
				PRODUCT_BUNDLE_IDENTIFIER = "com.personal.-th-hw-ChoiJunYoung";
				PRODUCT_NAME = "$(TARGET_NAME)";
				SWIFT_EMIT_LOC_STRINGS = YES;
				SWIFT_VERSION = 5.0;
				TARGETED_DEVICE_FAMILY = "1,2";
			};
			name = Release;
		};
		DE16523B2CAFF29B00843455 /* Debug */ = {
			isa = XCBuildConfiguration;
			buildSettings = {
				ALWAYS_SEARCH_USER_PATHS = NO;
				ASSETCATALOG_COMPILER_GENERATE_SWIFT_ASSET_SYMBOL_EXTENSIONS = YES;
				CLANG_ANALYZER_NONNULL = YES;
				CLANG_ANALYZER_NUMBER_OBJECT_CONVERSION = YES_AGGRESSIVE;
				CLANG_CXX_LANGUAGE_STANDARD = "gnu++20";
				CLANG_ENABLE_MODULES = YES;
				CLANG_ENABLE_OBJC_ARC = YES;
				CLANG_ENABLE_OBJC_WEAK = YES;
				CLANG_WARN_BLOCK_CAPTURE_AUTORELEASING = YES;
				CLANG_WARN_BOOL_CONVERSION = YES;
				CLANG_WARN_COMMA = YES;
				CLANG_WARN_CONSTANT_CONVERSION = YES;
				CLANG_WARN_DEPRECATED_OBJC_IMPLEMENTATIONS = YES;
				CLANG_WARN_DIRECT_OBJC_ISA_USAGE = YES_ERROR;
				CLANG_WARN_DOCUMENTATION_COMMENTS = YES;
				CLANG_WARN_EMPTY_BODY = YES;
				CLANG_WARN_ENUM_CONVERSION = YES;
				CLANG_WARN_INFINITE_RECURSION = YES;
				CLANG_WARN_INT_CONVERSION = YES;
				CLANG_WARN_NON_LITERAL_NULL_CONVERSION = YES;
				CLANG_WARN_OBJC_IMPLICIT_RETAIN_SELF = YES;
				CLANG_WARN_OBJC_LITERAL_CONVERSION = YES;
				CLANG_WARN_OBJC_ROOT_CLASS = YES_ERROR;
				CLANG_WARN_QUOTED_INCLUDE_IN_FRAMEWORK_HEADER = YES;
				CLANG_WARN_RANGE_LOOP_ANALYSIS = YES;
				CLANG_WARN_STRICT_PROTOTYPES = YES;
				CLANG_WARN_SUSPICIOUS_MOVE = YES;
				CLANG_WARN_UNGUARDED_AVAILABILITY = YES_AGGRESSIVE;
				CLANG_WARN_UNREACHABLE_CODE = YES;
				CLANG_WARN__DUPLICATE_METHOD_MATCH = YES;
				COPY_PHASE_STRIP = NO;
				DEBUG_INFORMATION_FORMAT = dwarf;
				ENABLE_STRICT_OBJC_MSGSEND = YES;
				ENABLE_TESTABILITY = YES;
				ENABLE_USER_SCRIPT_SANDBOXING = YES;
				GCC_C_LANGUAGE_STANDARD = gnu17;
				GCC_DYNAMIC_NO_PIC = NO;
				GCC_NO_COMMON_BLOCKS = YES;
				GCC_OPTIMIZATION_LEVEL = 0;
				GCC_PREPROCESSOR_DEFINITIONS = (
					"DEBUG=1",
					"$(inherited)",
				);
				GCC_WARN_64_TO_32_BIT_CONVERSION = YES;
				GCC_WARN_ABOUT_RETURN_TYPE = YES_ERROR;
				GCC_WARN_UNDECLARED_SELECTOR = YES;
				GCC_WARN_UNINITIALIZED_AUTOS = YES_AGGRESSIVE;
				GCC_WARN_UNUSED_FUNCTION = YES;
				GCC_WARN_UNUSED_VARIABLE = YES;
				IPHONEOS_DEPLOYMENT_TARGET = 18.0;
				LOCALIZATION_PREFERS_STRING_CATALOGS = YES;
				MTL_ENABLE_DEBUG_INFO = INCLUDE_SOURCE;
				MTL_FAST_MATH = YES;
				ONLY_ACTIVE_ARCH = YES;
				SDKROOT = iphoneos;
				SWIFT_ACTIVE_COMPILATION_CONDITIONS = "DEBUG $(inherited)";
				SWIFT_OPTIMIZATION_LEVEL = "-Onone";
			};
			name = Debug;
		};
		DE16523C2CAFF29B00843455 /* Release */ = {
			isa = XCBuildConfiguration;
			buildSettings = {
				ALWAYS_SEARCH_USER_PATHS = NO;
				ASSETCATALOG_COMPILER_GENERATE_SWIFT_ASSET_SYMBOL_EXTENSIONS = YES;
				CLANG_ANALYZER_NONNULL = YES;
				CLANG_ANALYZER_NUMBER_OBJECT_CONVERSION = YES_AGGRESSIVE;
				CLANG_CXX_LANGUAGE_STANDARD = "gnu++20";
				CLANG_ENABLE_MODULES = YES;
				CLANG_ENABLE_OBJC_ARC = YES;
				CLANG_ENABLE_OBJC_WEAK = YES;
				CLANG_WARN_BLOCK_CAPTURE_AUTORELEASING = YES;
				CLANG_WARN_BOOL_CONVERSION = YES;
				CLANG_WARN_COMMA = YES;
				CLANG_WARN_CONSTANT_CONVERSION = YES;
				CLANG_WARN_DEPRECATED_OBJC_IMPLEMENTATIONS = YES;
				CLANG_WARN_DIRECT_OBJC_ISA_USAGE = YES_ERROR;
				CLANG_WARN_DOCUMENTATION_COMMENTS = YES;
				CLANG_WARN_EMPTY_BODY = YES;
				CLANG_WARN_ENUM_CONVERSION = YES;
				CLANG_WARN_INFINITE_RECURSION = YES;
				CLANG_WARN_INT_CONVERSION = YES;
				CLANG_WARN_NON_LITERAL_NULL_CONVERSION = YES;
				CLANG_WARN_OBJC_IMPLICIT_RETAIN_SELF = YES;
				CLANG_WARN_OBJC_LITERAL_CONVERSION = YES;
				CLANG_WARN_OBJC_ROOT_CLASS = YES_ERROR;
				CLANG_WARN_QUOTED_INCLUDE_IN_FRAMEWORK_HEADER = YES;
				CLANG_WARN_RANGE_LOOP_ANALYSIS = YES;
				CLANG_WARN_STRICT_PROTOTYPES = YES;
				CLANG_WARN_SUSPICIOUS_MOVE = YES;
				CLANG_WARN_UNGUARDED_AVAILABILITY = YES_AGGRESSIVE;
				CLANG_WARN_UNREACHABLE_CODE = YES;
				CLANG_WARN__DUPLICATE_METHOD_MATCH = YES;
				COPY_PHASE_STRIP = NO;
				DEBUG_INFORMATION_FORMAT = "dwarf-with-dsym";
				ENABLE_NS_ASSERTIONS = NO;
				ENABLE_STRICT_OBJC_MSGSEND = YES;
				ENABLE_USER_SCRIPT_SANDBOXING = YES;
				GCC_C_LANGUAGE_STANDARD = gnu17;
				GCC_NO_COMMON_BLOCKS = YES;
				GCC_WARN_64_TO_32_BIT_CONVERSION = YES;
				GCC_WARN_ABOUT_RETURN_TYPE = YES_ERROR;
				GCC_WARN_UNDECLARED_SELECTOR = YES;
				GCC_WARN_UNINITIALIZED_AUTOS = YES_AGGRESSIVE;
				GCC_WARN_UNUSED_FUNCTION = YES;
				GCC_WARN_UNUSED_VARIABLE = YES;
				IPHONEOS_DEPLOYMENT_TARGET = 18.0;
				LOCALIZATION_PREFERS_STRING_CATALOGS = YES;
				MTL_ENABLE_DEBUG_INFO = NO;
				MTL_FAST_MATH = YES;
				SDKROOT = iphoneos;
				SWIFT_COMPILATION_MODE = wholemodule;
				VALIDATE_PRODUCT = YES;
			};
			name = Release;
		};
		DE16523E2CAFF29B00843455 /* Debug */ = {
			isa = XCBuildConfiguration;
			buildSettings = {
				BUNDLE_LOADER = "$(TEST_HOST)";
				CODE_SIGN_STYLE = Automatic;
				CURRENT_PROJECT_VERSION = 1;
				DEVELOPMENT_TEAM = XVG4859FZG;
				GENERATE_INFOPLIST_FILE = YES;
				IPHONEOS_DEPLOYMENT_TARGET = 18.0;
				MARKETING_VERSION = 1.0;
				PRODUCT_BUNDLE_IDENTIFIER = "com.personal.-th-hw-ChoiJunYoungTests";
				PRODUCT_NAME = "$(TARGET_NAME)";
				SWIFT_EMIT_LOC_STRINGS = NO;
				SWIFT_VERSION = 5.0;
				TARGETED_DEVICE_FAMILY = "1,2";
				TEST_HOST = "$(BUILT_PRODUCTS_DIR)/4th_hw_ChoiJunYoung.app/$(BUNDLE_EXECUTABLE_FOLDER_PATH)/4th_hw_ChoiJunYoung";
			};
			name = Debug;
		};
		DE16523F2CAFF29B00843455 /* Release */ = {
			isa = XCBuildConfiguration;
			buildSettings = {
				BUNDLE_LOADER = "$(TEST_HOST)";
				CODE_SIGN_STYLE = Automatic;
				CURRENT_PROJECT_VERSION = 1;
				DEVELOPMENT_TEAM = XVG4859FZG;
				GENERATE_INFOPLIST_FILE = YES;
				IPHONEOS_DEPLOYMENT_TARGET = 18.0;
				MARKETING_VERSION = 1.0;
				PRODUCT_BUNDLE_IDENTIFIER = "com.personal.-th-hw-ChoiJunYoungTests";
				PRODUCT_NAME = "$(TARGET_NAME)";
				SWIFT_EMIT_LOC_STRINGS = NO;
				SWIFT_VERSION = 5.0;
				TARGETED_DEVICE_FAMILY = "1,2";
				TEST_HOST = "$(BUILT_PRODUCTS_DIR)/4th_hw_ChoiJunYoung.app/$(BUNDLE_EXECUTABLE_FOLDER_PATH)/4th_hw_ChoiJunYoung";
			};
			name = Release;
		};
		DE1652412CAFF29B00843455 /* Debug */ = {
			isa = XCBuildConfiguration;
			buildSettings = {
				CODE_SIGN_STYLE = Automatic;
				CURRENT_PROJECT_VERSION = 1;
				DEVELOPMENT_TEAM = XVG4859FZG;
				GENERATE_INFOPLIST_FILE = YES;
				MARKETING_VERSION = 1.0;
				PRODUCT_BUNDLE_IDENTIFIER = "com.personal.-th-hw-ChoiJunYoungUITests";
				PRODUCT_NAME = "$(TARGET_NAME)";
				SWIFT_EMIT_LOC_STRINGS = NO;
				SWIFT_VERSION = 5.0;
				TARGETED_DEVICE_FAMILY = "1,2";
				TEST_TARGET_NAME = 4th_hw_ChoiJunYoung;
			};
			name = Debug;
		};
		DE1652422CAFF29B00843455 /* Release */ = {
			isa = XCBuildConfiguration;
			buildSettings = {
				CODE_SIGN_STYLE = Automatic;
				CURRENT_PROJECT_VERSION = 1;
				DEVELOPMENT_TEAM = XVG4859FZG;
				GENERATE_INFOPLIST_FILE = YES;
				MARKETING_VERSION = 1.0;
				PRODUCT_BUNDLE_IDENTIFIER = "com.personal.-th-hw-ChoiJunYoungUITests";
				PRODUCT_NAME = "$(TARGET_NAME)";
				SWIFT_EMIT_LOC_STRINGS = NO;
				SWIFT_VERSION = 5.0;
				TARGETED_DEVICE_FAMILY = "1,2";
				TEST_TARGET_NAME = 4th_hw_ChoiJunYoung;
			};
			name = Release;
		};
/* End XCBuildConfiguration section */

/* Begin XCConfigurationList section */
		DE16520A2CAFF29700843455 /* Build configuration list for PBXProject "4th_hw_ChoiJunYoung" */ = {
			isa = XCConfigurationList;
			buildConfigurations = (
				DE16523B2CAFF29B00843455 /* Debug */,
				DE16523C2CAFF29B00843455 /* Release */,
			);
			defaultConfigurationIsVisible = 0;
			defaultConfigurationName = Release;
		};
		DE1652382CAFF29B00843455 /* Build configuration list for PBXNativeTarget "4th_hw_ChoiJunYoung" */ = {
			isa = XCConfigurationList;
			buildConfigurations = (
				DE1652392CAFF29B00843455 /* Debug */,
				DE16523A2CAFF29B00843455 /* Release */,
			);
			defaultConfigurationIsVisible = 0;
			defaultConfigurationName = Release;
		};
		DE16523D2CAFF29B00843455 /* Build configuration list for PBXNativeTarget "4th_hw_ChoiJunYoungTests" */ = {
			isa = XCConfigurationList;
			buildConfigurations = (
				DE16523E2CAFF29B00843455 /* Debug */,
				DE16523F2CAFF29B00843455 /* Release */,
			);
			defaultConfigurationIsVisible = 0;
			defaultConfigurationName = Release;
		};
		DE1652402CAFF29B00843455 /* Build configuration list for PBXNativeTarget "4th_hw_ChoiJunYoungUITests" */ = {
			isa = XCConfigurationList;
			buildConfigurations = (
				DE1652412CAFF29B00843455 /* Debug */,
				DE1652422CAFF29B00843455 /* Release */,
			);
			defaultConfigurationIsVisible = 0;
			defaultConfigurationName = Release;
		};
/* End XCConfigurationList section */
	};
	rootObject = DE1652072CAFF29700843455 /* Project object */;
}
